
Microsoft Visual Studio Solution File, Format Version 12.00
# Visual Studio Version 16
VisualStudioVersion = 16.0.30114.105
MinimumVisualStudioVersion = 10.0.40219.1
Project("{2150E333-8FDC-42A3-9474-1A3956D46DE8}") = "src", "src", "{2F267C0E-E999-4203-BDAB-5EF22E10D7B5}"
EndProject
Project("{2150E333-8FDC-42A3-9474-1A3956D46DE8}") = "Buillding Blocks", "Buillding Blocks", "{29050025-FE74-4DFD-B56B-8BB8E8128455}"
EndProject
Project("{2150E333-8FDC-42A3-9474-1A3956D46DE8}") = "Services", "Services", "{C242A723-AA4D-4FAA-8DC6-CF61C25654A3}"
EndProject
Project("{2150E333-8FDC-42A3-9474-1A3956D46DE8}") = "Web", "Web", "{5A5A4B8F-B2BE-4E51-9B7D-5EC1C4AE281C}"
EndProject
Project("{2150E333-8FDC-42A3-9474-1A3956D46DE8}") = "Identity", "Identity", "{BABA1804-F938-4472-A3D5-3114550DC9B8}"
EndProject
Project("{9A19103F-16F7-4668-BE54-9A1E7A4F7556}") = "NSE.Identity.API", "src\services\NSE.Identity.API\NSE.Identity.API.csproj", "{342ADD3B-C37E-448B-9BEA-649F3DE46403}"
EndProject
Project("{2150E333-8FDC-42A3-9474-1A3956D46DE8}") = "MVC", "MVC", "{36530928-412B-4FCF-928C-8B415BC59F77}"
EndProject
Project("{9A19103F-16F7-4668-BE54-9A1E7A4F7556}") = "NSE.Web.MVC", "src\web\NSE.Web.MVC\NSE.Web.MVC.csproj", "{AC86DA35-7B07-492C-96AD-78920E7454EA}"
EndProject
Project("{2150E333-8FDC-42A3-9474-1A3956D46DE8}") = "Core", "Core", "{38F7EE70-EFA9-4E4D-A7C4-F0E014A1D314}"
EndProject
Project("{9A19103F-16F7-4668-BE54-9A1E7A4F7556}") = "NSE.Core", "src\building blocks\NSE.Core\NSE.Core.csproj", "{FDE61C11-1535-4011-B6DD-512FB9D26E94}"
EndProject
Project("{2150E333-8FDC-42A3-9474-1A3956D46DE8}") = "Customer", "Customer", "{B2093B77-741F-46D9-904D-D70D6464D54E}"
EndProject
Project("{2150E333-8FDC-42A3-9474-1A3956D46DE8}") = "Payment", "Payment", "{638C63DE-286A-4F6B-93BE-5F6519B75970}"
EndProject
Project("{2150E333-8FDC-42A3-9474-1A3956D46DE8}") = "Order", "Order", "{1DD9D475-0173-404F-827C-44684A1E7BDC}"
EndProject
Project("{2150E333-8FDC-42A3-9474-1A3956D46DE8}") = "ShoppingCart", "ShoppingCart", "{5AE8C015-079F-4FF6-A3DB-95546A5BFDD7}"
EndProject
Project("{2150E333-8FDC-42A3-9474-1A3956D46DE8}") = "Catalog", "Catalog", "{DDDB793C-0355-441D-9FFA-03BFF2262192}"
EndProject
Project("{9A19103F-16F7-4668-BE54-9A1E7A4F7556}") = "NSE.Catalog.API", "src\services\NSE.Catalog.API\NSE.Catalog.API.csproj", "{EF574AA7-3363-43E8-B49E-E6212881D377}"
EndProject
Project("{9A19103F-16F7-4668-BE54-9A1E7A4F7556}") = "NSE.Customer.API", "src\services\NSE.Customer.API\NSE.Customer.API.csproj", "{19705AFE-DFBF-4EA9-BADB-228A4433DA7E}"
EndProject
Project("{9A19103F-16F7-4668-BE54-9A1E7A4F7556}") = "NSE.Payment.API", "src\services\NSE.Payment.API\NSE.Payment.API.csproj", "{E94D116F-07F1-4B22-A50B-3DF1B76F3021}"
EndProject
Project("{9A19103F-16F7-4668-BE54-9A1E7A4F7556}") = "NSE.ShoppingCart.API", "src\services\NSE.ShoppingCart.API\NSE.ShoppingCart.API.csproj", "{14B8038F-397A-49C1-BD88-703B9A96396D}"
EndProject
Project("{9A19103F-16F7-4668-BE54-9A1E7A4F7556}") = "NSE.Order.API", "src\services\NSE.Order.API\NSE.Order.API\NSE.Order.API.csproj", "{D323E03E-4F3F-4F99-8AE4-FAE07B466EA6}"
EndProject
Global
	GlobalSection(SolutionConfigurationPlatforms) = preSolution
		Debug|Any CPU = Debug|Any CPU
		Release|Any CPU = Release|Any CPU
	EndGlobalSection
	GlobalSection(ProjectConfigurationPlatforms) = postSolution
		{342ADD3B-C37E-448B-9BEA-649F3DE46403}.Debug|Any CPU.ActiveCfg = Debug|Any CPU
		{342ADD3B-C37E-448B-9BEA-649F3DE46403}.Debug|Any CPU.Build.0 = Debug|Any CPU
		{342ADD3B-C37E-448B-9BEA-649F3DE46403}.Release|Any CPU.ActiveCfg = Release|Any CPU
		{342ADD3B-C37E-448B-9BEA-649F3DE46403}.Release|Any CPU.Build.0 = Release|Any CPU
		{AC86DA35-7B07-492C-96AD-78920E7454EA}.Debug|Any CPU.ActiveCfg = Debug|Any CPU
		{AC86DA35-7B07-492C-96AD-78920E7454EA}.Debug|Any CPU.Build.0 = Debug|Any CPU
		{AC86DA35-7B07-492C-96AD-78920E7454EA}.Release|Any CPU.ActiveCfg = Release|Any CPU
		{AC86DA35-7B07-492C-96AD-78920E7454EA}.Release|Any CPU.Build.0 = Release|Any CPU
		{FDE61C11-1535-4011-B6DD-512FB9D26E94}.Debug|Any CPU.ActiveCfg = Debug|Any CPU
		{FDE61C11-1535-4011-B6DD-512FB9D26E94}.Debug|Any CPU.Build.0 = Debug|Any CPU
		{FDE61C11-1535-4011-B6DD-512FB9D26E94}.Release|Any CPU.ActiveCfg = Release|Any CPU
		{FDE61C11-1535-4011-B6DD-512FB9D26E94}.Release|Any CPU.Build.0 = Release|Any CPU
		{EF574AA7-3363-43E8-B49E-E6212881D377}.Debug|Any CPU.ActiveCfg = Debug|Any CPU
		{EF574AA7-3363-43E8-B49E-E6212881D377}.Debug|Any CPU.Build.0 = Debug|Any CPU
		{EF574AA7-3363-43E8-B49E-E6212881D377}.Release|Any CPU.ActiveCfg = Release|Any CPU
		{EF574AA7-3363-43E8-B49E-E6212881D377}.Release|Any CPU.Build.0 = Release|Any CPU
		{19705AFE-DFBF-4EA9-BADB-228A4433DA7E}.Debug|Any CPU.ActiveCfg = Debug|Any CPU
		{19705AFE-DFBF-4EA9-BADB-228A4433DA7E}.Debug|Any CPU.Build.0 = Debug|Any CPU
		{19705AFE-DFBF-4EA9-BADB-228A4433DA7E}.Release|Any CPU.ActiveCfg = Release|Any CPU
		{19705AFE-DFBF-4EA9-BADB-228A4433DA7E}.Release|Any CPU.Build.0 = Release|Any CPU
		{E94D116F-07F1-4B22-A50B-3DF1B76F3021}.Debug|Any CPU.ActiveCfg = Debug|Any CPU
		{E94D116F-07F1-4B22-A50B-3DF1B76F3021}.Debug|Any CPU.Build.0 = Debug|Any CPU
		{E94D116F-07F1-4B22-A50B-3DF1B76F3021}.Release|Any CPU.ActiveCfg = Release|Any CPU
		{E94D116F-07F1-4B22-A50B-3DF1B76F3021}.Release|Any CPU.Build.0 = Release|Any CPU
		{14B8038F-397A-49C1-BD88-703B9A96396D}.Debug|Any CPU.ActiveCfg = Debug|Any CPU
		{14B8038F-397A-49C1-BD88-703B9A96396D}.Debug|Any CPU.Build.0 = Debug|Any CPU
		{14B8038F-397A-49C1-BD88-703B9A96396D}.Release|Any CPU.ActiveCfg = Release|Any CPU
		{14B8038F-397A-49C1-BD88-703B9A96396D}.Release|Any CPU.Build.0 = Release|Any CPU
		{D323E03E-4F3F-4F99-8AE4-FAE07B466EA6}.Debug|Any CPU.ActiveCfg = Debug|Any CPU
		{D323E03E-4F3F-4F99-8AE4-FAE07B466EA6}.Debug|Any CPU.Build.0 = Debug|Any CPU
		{D323E03E-4F3F-4F99-8AE4-FAE07B466EA6}.Release|Any CPU.ActiveCfg = Release|Any CPU
		{D323E03E-4F3F-4F99-8AE4-FAE07B466EA6}.Release|Any CPU.Build.0 = Release|Any CPU
	EndGlobalSection
	GlobalSection(SolutionProperties) = preSolution
		HideSolutionNode = FALSE
	EndGlobalSection
	GlobalSection(NestedProjects) = preSolution
		{29050025-FE74-4DFD-B56B-8BB8E8128455} = {2F267C0E-E999-4203-BDAB-5EF22E10D7B5}
		{C242A723-AA4D-4FAA-8DC6-CF61C25654A3} = {2F267C0E-E999-4203-BDAB-5EF22E10D7B5}
		{5A5A4B8F-B2BE-4E51-9B7D-5EC1C4AE281C} = {2F267C0E-E999-4203-BDAB-5EF22E10D7B5}
		{BABA1804-F938-4472-A3D5-3114550DC9B8} = {C242A723-AA4D-4FAA-8DC6-CF61C25654A3}
		{342ADD3B-C37E-448B-9BEA-649F3DE46403} = {BABA1804-F938-4472-A3D5-3114550DC9B8}
		{36530928-412B-4FCF-928C-8B415BC59F77} = {5A5A4B8F-B2BE-4E51-9B7D-5EC1C4AE281C}
		{AC86DA35-7B07-492C-96AD-78920E7454EA} = {36530928-412B-4FCF-928C-8B415BC59F77}
		{38F7EE70-EFA9-4E4D-A7C4-F0E014A1D314} = {29050025-FE74-4DFD-B56B-8BB8E8128455}
		{FDE61C11-1535-4011-B6DD-512FB9D26E94} = {38F7EE70-EFA9-4E4D-A7C4-F0E014A1D314}
		{B2093B77-741F-46D9-904D-D70D6464D54E} = {C242A723-AA4D-4FAA-8DC6-CF61C25654A3}
		{638C63DE-286A-4F6B-93BE-5F6519B75970} = {C242A723-AA4D-4FAA-8DC6-CF61C25654A3}
		{1DD9D475-0173-404F-827C-44684A1E7BDC} = {C242A723-AA4D-4FAA-8DC6-CF61C25654A3}
		{5AE8C015-079F-4FF6-A3DB-95546A5BFDD7} = {C242A723-AA4D-4FAA-8DC6-CF61C25654A3}
		{DDDB793C-0355-441D-9FFA-03BFF2262192} = {C242A723-AA4D-4FAA-8DC6-CF61C25654A3}
		{EF574AA7-3363-43E8-B49E-E6212881D377} = {DDDB793C-0355-441D-9FFA-03BFF2262192}
		{19705AFE-DFBF-4EA9-BADB-228A4433DA7E} = {B2093B77-741F-46D9-904D-D70D6464D54E}
		{E94D116F-07F1-4B22-A50B-3DF1B76F3021} = {638C63DE-286A-4F6B-93BE-5F6519B75970}
		{14B8038F-397A-49C1-BD88-703B9A96396D} = {5AE8C015-079F-4FF6-A3DB-95546A5BFDD7}
		{D323E03E-4F3F-4F99-8AE4-FAE07B466EA6} = {1DD9D475-0173-404F-827C-44684A1E7BDC}
	EndGlobalSection
	GlobalSection(ExtensibilityGlobals) = postSolution
		SolutionGuid = {A50C2C1C-A05F-45A8-958F-C9B7B7E803B2}
	EndGlobalSection
EndGlobal
